// !$*UTF8*$!
{
	archiveVersion = 1;
	classes = {
	};
	objectVersion = 50;
	objects = {

/* Begin PBXBuildFile section */
		D6751D1F237CEDD100F797C8 /* UserController.swift in Sources */ = {isa = PBXBuildFile; fileRef = D6751D1E237CEDD100F797C8 /* UserController.swift */; };
		D6D03741237BA4310098EABF /* AppDelegate.m in Sources */ = {isa = PBXBuildFile; fileRef = D6D03740237BA4310098EABF /* AppDelegate.m */; };
		D6D03744237BA4310098EABF /* SceneDelegate.m in Sources */ = {isa = PBXBuildFile; fileRef = D6D03743237BA4310098EABF /* SceneDelegate.m */; };
		D6D0374A237BA4310098EABF /* Main.storyboard in Resources */ = {isa = PBXBuildFile; fileRef = D6D03748237BA4310098EABF /* Main.storyboard */; };
		D6D0374C237BA4330098EABF /* Assets.xcassets in Resources */ = {isa = PBXBuildFile; fileRef = D6D0374B237BA4330098EABF /* Assets.xcassets */; };
		D6D0374F237BA4330098EABF /* LaunchScreen.storyboard in Resources */ = {isa = PBXBuildFile; fileRef = D6D0374D237BA4330098EABF /* LaunchScreen.storyboard */; };
		D6D03752237BA4330098EABF /* main.m in Sources */ = {isa = PBXBuildFile; fileRef = D6D03751237BA4330098EABF /* main.m */; };
		D6D03760237BA77D0098EABF /* MJSUsersTableViewController.m in Sources */ = {isa = PBXBuildFile; fileRef = D6D0375F237BA77D0098EABF /* MJSUsersTableViewController.m */; };
		D6D03763237BA79D0098EABF /* MJSUserDetailViewController.m in Sources */ = {isa = PBXBuildFile; fileRef = D6D03762237BA79D0098EABF /* MJSUserDetailViewController.m */; };
		D6D03766237BA7C90098EABF /* MJSUser.m in Sources */ = {isa = PBXBuildFile; fileRef = D6D03765237BA7C90098EABF /* MJSUser.m */; };
/* End PBXBuildFile section */

/* Begin PBXFileReference section */
		D6751D1D237CEDD000F797C8 /* Random Users-Bridging-Header.h */ = {isa = PBXFileReference; lastKnownFileType = sourcecode.c.h; path = "Random Users-Bridging-Header.h"; sourceTree = "<group>"; };
		D6751D1E237CEDD100F797C8 /* UserController.swift */ = {isa = PBXFileReference; lastKnownFileType = sourcecode.swift; path = UserController.swift; sourceTree = "<group>"; };
		D6D0373C237BA4310098EABF /* Random Users.app */ = {isa = PBXFileReference; explicitFileType = wrapper.application; includeInIndex = 0; path = "Random Users.app"; sourceTree = BUILT_PRODUCTS_DIR; };
		D6D0373F237BA4310098EABF /* AppDelegate.h */ = {isa = PBXFileReference; lastKnownFileType = sourcecode.c.h; path = AppDelegate.h; sourceTree = "<group>"; };
		D6D03740237BA4310098EABF /* AppDelegate.m */ = {isa = PBXFileReference; lastKnownFileType = sourcecode.c.objc; path = AppDelegate.m; sourceTree = "<group>"; };
		D6D03742237BA4310098EABF /* SceneDelegate.h */ = {isa = PBXFileReference; lastKnownFileType = sourcecode.c.h; path = SceneDelegate.h; sourceTree = "<group>"; };
		D6D03743237BA4310098EABF /* SceneDelegate.m */ = {isa = PBXFileReference; lastKnownFileType = sourcecode.c.objc; path = SceneDelegate.m; sourceTree = "<group>"; };
		D6D03749237BA4310098EABF /* Base */ = {isa = PBXFileReference; lastKnownFileType = file.storyboard; name = Base; path = Base.lproj/Main.storyboard; sourceTree = "<group>"; };
		D6D0374B237BA4330098EABF /* Assets.xcassets */ = {isa = PBXFileReference; lastKnownFileType = folder.assetcatalog; path = Assets.xcassets; sourceTree = "<group>"; };
		D6D0374E237BA4330098EABF /* Base */ = {isa = PBXFileReference; lastKnownFileType = file.storyboard; name = Base; path = Base.lproj/LaunchScreen.storyboard; sourceTree = "<group>"; };
		D6D03750237BA4330098EABF /* Info.plist */ = {isa = PBXFileReference; lastKnownFileType = text.plist.xml; path = Info.plist; sourceTree = "<group>"; };
		D6D03751237BA4330098EABF /* main.m */ = {isa = PBXFileReference; lastKnownFileType = sourcecode.c.objc; path = main.m; sourceTree = "<group>"; };
		D6D0375E237BA77D0098EABF /* MJSUsersTableViewController.h */ = {isa = PBXFileReference; lastKnownFileType = sourcecode.c.h; path = MJSUsersTableViewController.h; sourceTree = "<group>"; };
		D6D0375F237BA77D0098EABF /* MJSUsersTableViewController.m */ = {isa = PBXFileReference; lastKnownFileType = sourcecode.c.objc; path = MJSUsersTableViewController.m; sourceTree = "<group>"; };
		D6D03761237BA79D0098EABF /* MJSUserDetailViewController.h */ = {isa = PBXFileReference; lastKnownFileType = sourcecode.c.h; path = MJSUserDetailViewController.h; sourceTree = "<group>"; };
		D6D03762237BA79D0098EABF /* MJSUserDetailViewController.m */ = {isa = PBXFileReference; lastKnownFileType = sourcecode.c.objc; path = MJSUserDetailViewController.m; sourceTree = "<group>"; };
		D6D03764237BA7C90098EABF /* MJSUser.h */ = {isa = PBXFileReference; lastKnownFileType = sourcecode.c.h; path = MJSUser.h; sourceTree = "<group>"; };
		D6D03765237BA7C90098EABF /* MJSUser.m */ = {isa = PBXFileReference; lastKnownFileType = sourcecode.c.objc; path = MJSUser.m; sourceTree = "<group>"; };
/* End PBXFileReference section */

/* Begin PBXFrameworksBuildPhase section */
		D6D03739237BA4310098EABF /* Frameworks */ = {
			isa = PBXFrameworksBuildPhase;
			buildActionMask = 2147483647;
			files = (
			);
			runOnlyForDeploymentPostprocessing = 0;
		};
/* End PBXFrameworksBuildPhase section */

/* Begin PBXGroup section */
		D6D03733237BA4310098EABF = {
			isa = PBXGroup;
			children = (
				D6D0373E237BA4310098EABF /* Random Users */,
				D6D0373D237BA4310098EABF /* Products */,
			);
			sourceTree = "<group>";
		};
		D6D0373D237BA4310098EABF /* Products */ = {
			isa = PBXGroup;
			children = (
				D6D0373C237BA4310098EABF /* Random Users.app */,
			);
			name = Products;
			sourceTree = "<group>";
		};
		D6D0373E237BA4310098EABF /* Random Users */ = {
			isa = PBXGroup;
			children = (
				D6D03758237BA6ED0098EABF /* App Lifecycle */,
				D6D0375C237BA7330098EABF /* Models */,
				D6D0375D237BA7440098EABF /* Model Controllers */,
				D6D0375B237BA7260098EABF /* View Controllers */,
				D6D0375A237BA7190098EABF /* Storyboards */,
				D6D03759237BA7040098EABF /* Resources */,
			);
			path = "Random Users";
			sourceTree = "<group>";
		};
		D6D03758237BA6ED0098EABF /* App Lifecycle */ = {
			isa = PBXGroup;
			children = (
				D6D0373F237BA4310098EABF /* AppDelegate.h */,
				D6D03740237BA4310098EABF /* AppDelegate.m */,
				D6D03742237BA4310098EABF /* SceneDelegate.h */,
				D6D03743237BA4310098EABF /* SceneDelegate.m */,
				D6D03751237BA4330098EABF /* main.m */,
			);
			name = "App Lifecycle";
			sourceTree = "<group>";
		};
		D6D03759237BA7040098EABF /* Resources */ = {
			isa = PBXGroup;
			children = (
				D6D0374B237BA4330098EABF /* Assets.xcassets */,
				D6D03750237BA4330098EABF /* Info.plist */,
			);
			name = Resources;
			sourceTree = "<group>";
		};
		D6D0375A237BA7190098EABF /* Storyboards */ = {
			isa = PBXGroup;
			children = (
				D6D03748237BA4310098EABF /* Main.storyboard */,
				D6D0374D237BA4330098EABF /* LaunchScreen.storyboard */,
			);
			name = Storyboards;
			sourceTree = "<group>";
		};
		D6D0375B237BA7260098EABF /* View Controllers */ = {
			isa = PBXGroup;
			children = (
				D6D0375E237BA77D0098EABF /* MJSUsersTableViewController.h */,
				D6D0375F237BA77D0098EABF /* MJSUsersTableViewController.m */,
				D6D03761237BA79D0098EABF /* MJSUserDetailViewController.h */,
				D6D03762237BA79D0098EABF /* MJSUserDetailViewController.m */,
			);
			name = "View Controllers";
			sourceTree = "<group>";
		};
		D6D0375C237BA7330098EABF /* Models */ = {
			isa = PBXGroup;
			children = (
				D6D03764237BA7C90098EABF /* MJSUser.h */,
				D6D03765237BA7C90098EABF /* MJSUser.m */,
			);
			name = Models;
			sourceTree = "<group>";
		};
		D6D0375D237BA7440098EABF /* Model Controllers */ = {
			isa = PBXGroup;
			children = (
				D6751D1E237CEDD100F797C8 /* UserController.swift */,
				D6751D1D237CEDD000F797C8 /* Random Users-Bridging-Header.h */,
			);
			name = "Model Controllers";
			sourceTree = "<group>";
		};
/* End PBXGroup section */

/* Begin PBXNativeTarget section */
		D6D0373B237BA4310098EABF /* Random Users */ = {
			isa = PBXNativeTarget;
			buildConfigurationList = D6D03755237BA4330098EABF /* Build configuration list for PBXNativeTarget "Random Users" */;
			buildPhases = (
				D6D03738237BA4310098EABF /* Sources */,
				D6D03739237BA4310098EABF /* Frameworks */,
				D6D0373A237BA4310098EABF /* Resources */,
			);
			buildRules = (
			);
			dependencies = (
			);
			name = "Random Users";
			productName = "Random Users";
			productReference = D6D0373C237BA4310098EABF /* Random Users.app */;
			productType = "com.apple.product-type.application";
		};
/* End PBXNativeTarget section */

/* Begin PBXProject section */
		D6D03734237BA4310098EABF /* Project object */ = {
			isa = PBXProject;
			attributes = {
				CLASSPREFIX = MJS;
				LastUpgradeCheck = 1120;
				ORGANIZATIONNAME = "Michael Stoffer";
				TargetAttributes = {
					D6D0373B237BA4310098EABF = {
						CreatedOnToolsVersion = 11.2;
						LastSwiftMigration = 1120;
					};
				};
			};
			buildConfigurationList = D6D03737237BA4310098EABF /* Build configuration list for PBXProject "Random Users" */;
			compatibilityVersion = "Xcode 9.3";
			developmentRegion = en;
			hasScannedForEncodings = 0;
			knownRegions = (
				en,
				Base,
			);
			mainGroup = D6D03733237BA4310098EABF;
			productRefGroup = D6D0373D237BA4310098EABF /* Products */;
			projectDirPath = "";
			projectRoot = "";
			targets = (
				D6D0373B237BA4310098EABF /* Random Users */,
			);
		};
/* End PBXProject section */

/* Begin PBXResourcesBuildPhase section */
		D6D0373A237BA4310098EABF /* Resources */ = {
			isa = PBXResourcesBuildPhase;
			buildActionMask = 2147483647;
			files = (
				D6D0374F237BA4330098EABF /* LaunchScreen.storyboard in Resources */,
				D6D0374C237BA4330098EABF /* Assets.xcassets in Resources */,
				D6D0374A237BA4310098EABF /* Main.storyboard in Resources */,
			);
			runOnlyForDeploymentPostprocessing = 0;
		};
/* End PBXResourcesBuildPhase section */

/* Begin PBXSourcesBuildPhase section */
		D6D03738237BA4310098EABF /* Sources */ = {
			isa = PBXSourcesBuildPhase;
			buildActionMask = 2147483647;
			files = (
				D6D03741237BA4310098EABF /* AppDelegate.m in Sources */,
				D6D03752237BA4330098EABF /* main.m in Sources */,
				D6D03766237BA7C90098EABF /* MJSUser.m in Sources */,
				D6D03760237BA77D0098EABF /* MJSUsersTableViewController.m in Sources */,
				D6751D1F237CEDD100F797C8 /* UserController.swift in Sources */,
				D6D03763237BA79D0098EABF /* MJSUserDetailViewController.m in Sources */,
				D6D03744237BA4310098EABF /* SceneDelegate.m in Sources */,
			);
			runOnlyForDeploymentPostprocessing = 0;
		};
/* End PBXSourcesBuildPhase section */

/* Begin PBXVariantGroup section */
		D6D03748237BA4310098EABF /* Main.storyboard */ = {
			isa = PBXVariantGroup;
			children = (
				D6D03749237BA4310098EABF /* Base */,
			);
			name = Main.storyboard;
			sourceTree = "<group>";
		};
		D6D0374D237BA4330098EABF /* LaunchScreen.storyboard */ = {
			isa = PBXVariantGroup;
			children = (
				D6D0374E237BA4330098EABF /* Base */,
			);
			name = LaunchScreen.storyboard;
			sourceTree = "<group>";
		};
/* End PBXVariantGroup section */

/* Begin XCBuildConfiguration section */
		D6D03753237BA4330098EABF /* Debug */ = {
			isa = XCBuildConfiguration;
			buildSettings = {
				ALWAYS_SEARCH_USER_PATHS = NO;
				CLANG_ANALYZER_NONNULL = YES;
				CLANG_ANALYZER_NUMBER_OBJECT_CONVERSION = YES_AGGRESSIVE;
				CLANG_CXX_LANGUAGE_STANDARD = "gnu++14";
				CLANG_CXX_LIBRARY = "libc++";
				CLANG_ENABLE_MODULES = YES;
				CLANG_ENABLE_OBJC_ARC = YES;
				CLANG_ENABLE_OBJC_WEAK = YES;
				CLANG_WARN_BLOCK_CAPTURE_AUTORELEASING = YES;
				CLANG_WARN_BOOL_CONVERSION = YES;
				CLANG_WARN_COMMA = YES;
				CLANG_WARN_CONSTANT_CONVERSION = YES;
				CLANG_WARN_DEPRECATED_OBJC_IMPLEMENTATIONS = YES;
				CLANG_WARN_DIRECT_OBJC_ISA_USAGE = YES_ERROR;
				CLANG_WARN_DOCUMENTATION_COMMENTS = YES;
				CLANG_WARN_EMPTY_BODY = YES;
				CLANG_WARN_ENUM_CONVERSION = YES;
				CLANG_WARN_INFINITE_RECURSION = YES;
				CLANG_WARN_INT_CONVERSION = YES;
				CLANG_WARN_NON_LITERAL_NULL_CONVERSION = YES;
				CLANG_WARN_OBJC_IMPLICIT_RETAIN_SELF = YES;
				CLANG_WARN_OBJC_LITERAL_CONVERSION = YES;
				CLANG_WARN_OBJC_ROOT_CLASS = YES_ERROR;
				CLANG_WARN_RANGE_LOOP_ANALYSIS = YES;
				CLANG_WARN_STRICT_PROTOTYPES = YES;
				CLANG_WARN_SUSPICIOUS_MOVE = YES;
				CLANG_WARN_UNGUARDED_AVAILABILITY = YES_AGGRESSIVE;
				CLANG_WARN_UNREACHABLE_CODE = YES;
				CLANG_WARN__DUPLICATE_METHOD_MATCH = YES;
				COPY_PHASE_STRIP = NO;
				DEBUG_INFORMATION_FORMAT = dwarf;
				ENABLE_STRICT_OBJC_MSGSEND = YES;
				ENABLE_TESTABILITY = YES;
				GCC_C_LANGUAGE_STANDARD = gnu11;
				GCC_DYNAMIC_NO_PIC = NO;
				GCC_NO_COMMON_BLOCKS = YES;
				GCC_OPTIMIZATION_LEVEL = 0;
				GCC_PREPROCESSOR_DEFINITIONS = (
					"DEBUG=1",
					"$(inherited)",
				);
				GCC_WARN_64_TO_32_BIT_CONVERSION = YES;
				GCC_WARN_ABOUT_RETURN_TYPE = YES_ERROR;
				GCC_WARN_UNDECLARED_SELECTOR = YES;
				GCC_WARN_UNINITIALIZED_AUTOS = YES_AGGRESSIVE;
				GCC_WARN_UNUSED_FUNCTION = YES;
				GCC_WARN_UNUSED_VARIABLE = YES;
				IPHONEOS_DEPLOYMENT_TARGET = 13.2;
				MTL_ENABLE_DEBUG_INFO = INCLUDE_SOURCE;
				MTL_FAST_MATH = YES;
				ONLY_ACTIVE_ARCH = YES;
				SDKROOT = iphoneos;
			};
			name = Debug;
		};
		D6D03754237BA4330098EABF /* Release */ = {
			isa = XCBuildConfiguration;
			buildSettings = {
				ALWAYS_SEARCH_USER_PATHS = NO;
				CLANG_ANALYZER_NONNULL = YES;
				CLANG_ANALYZER_NUMBER_OBJECT_CONVERSION = YES_AGGRESSIVE;
				CLANG_CXX_LANGUAGE_STANDARD = "gnu++14";
				CLANG_CXX_LIBRARY = "libc++";
				CLANG_ENABLE_MODULES = YES;
				CLANG_ENABLE_OBJC_ARC = YES;
				CLANG_ENABLE_OBJC_WEAK = YES;
				CLANG_WARN_BLOCK_CAPTURE_AUTORELEASING = YES;
				CLANG_WARN_BOOL_CONVERSION = YES;
				CLANG_WARN_COMMA = YES;
				CLANG_WARN_CONSTANT_CONVERSION = YES;
				CLANG_WARN_DEPRECATED_OBJC_IMPLEMENTATIONS = YES;
				CLANG_WARN_DIRECT_OBJC_ISA_USAGE = YES_ERROR;
				CLANG_WARN_DOCUMENTATION_COMMENTS = YES;
				CLANG_WARN_EMPTY_BODY = YES;
				CLANG_WARN_ENUM_CONVERSION = YES;
				CLANG_WARN_INFINITE_RECURSION = YES;
				CLANG_WARN_INT_CONVERSION = YES;
				CLANG_WARN_NON_LITERAL_NULL_CONVERSION = YES;
				CLANG_WARN_OBJC_IMPLICIT_RETAIN_SELF = YES;
				CLANG_WARN_OBJC_LITERAL_CONVERSION = YES;
				CLANG_WARN_OBJC_ROOT_CLASS = YES_ERROR;
				CLANG_WARN_RANGE_LOOP_ANALYSIS = YES;
				CLANG_WARN_STRICT_PROTOTYPES = YES;
				CLANG_WARN_SUSPICIOUS_MOVE = YES;
				CLANG_WARN_UNGUARDED_AVAILABILITY = YES_AGGRESSIVE;
				CLANG_WARN_UNREACHABLE_CODE = YES;
				CLANG_WARN__DUPLICATE_METHOD_MATCH = YES;
				COPY_PHASE_STRIP = NO;
				DEBUG_INFORMATION_FORMAT = "dwarf-with-dsym";
				ENABLE_NS_ASSERTIONS = NO;
				ENABLE_STRICT_OBJC_MSGSEND = YES;
				GCC_C_LANGUAGE_STANDARD = gnu11;
				GCC_NO_COMMON_BLOCKS = YES;
				GCC_WARN_64_TO_32_BIT_CONVERSION = YES;
				GCC_WARN_ABOUT_RETURN_TYPE = YES_ERROR;
				GCC_WARN_UNDECLARED_SELECTOR = YES;
				GCC_WARN_UNINITIALIZED_AUTOS = YES_AGGRESSIVE;
				GCC_WARN_UNUSED_FUNCTION = YES;
				GCC_WARN_UNUSED_VARIABLE = YES;
				IPHONEOS_DEPLOYMENT_TARGET = 13.2;
				MTL_ENABLE_DEBUG_INFO = NO;
				MTL_FAST_MATH = YES;
				SDKROOT = iphoneos;
				VALIDATE_PRODUCT = YES;
			};
			name = Release;
		};
		D6D03756237BA4330098EABF /* Debug */ = {
			isa = XCBuildConfiguration;
			buildSettings = {
				ASSETCATALOG_COMPILER_APPICON_NAME = AppIcon;
				CLANG_ENABLE_MODULES = YES;
				CODE_SIGN_STYLE = Automatic;
				DEVELOPMENT_TEAM = 3XVDLP5XYQ;
				INFOPLIST_FILE = "Random Users/Info.plist";
				LD_RUNPATH_SEARCH_PATHS = (
					"$(inherited)",
					"@executable_path/Frameworks",
				);
				PRODUCT_BUNDLE_IDENTIFIER = "com.michaelstoffer.Random-Users";
				PRODUCT_NAME = "$(TARGET_NAME)";
				SWIFT_OBJC_BRIDGING_HEADER = "Random Users/Random Users-Bridging-Header.h";
				SWIFT_OPTIMIZATION_LEVEL = "-Onone";
				SWIFT_VERSION = 5.0;
				TARGETED_DEVICE_FAMILY = "1,2";
			};
			name = Debug;
		};
		D6D03757237BA4330098EABF /* Release */ = {
			isa = XCBuildConfiguration;
			buildSettings = {
				ASSETCATALOG_COMPILER_APPICON_NAME = AppIcon;
				CLANG_ENABLE_MODULES = YES;
				CODE_SIGN_STYLE = Automatic;
				DEVELOPMENT_TEAM = 3XVDLP5XYQ;
				INFOPLIST_FILE = "Random Users/Info.plist";
				LD_RUNPATH_SEARCH_PATHS = (
					"$(inherited)",
					"@executable_path/Frameworks",
				);
				PRODUCT_BUNDLE_IDENTIFIER = "com.michaelstoffer.Random-Users";
				PRODUCT_NAME = "$(TARGET_NAME)";
				SWIFT_OBJC_BRIDGING_HEADER = "Random Users/Random Users-Bridging-Header.h";
				SWIFT_VERSION = 5.0;
				TARGETED_DEVICE_FAMILY = "1,2";
			};
			name = Release;
		};
/* End XCBuildConfiguration section */

/* Begin XCConfigurationList section */
		D6D03737237BA4310098EABF /* Build configuration list for PBXProject "Random Users" */ = {
			isa = XCConfigurationList;
			buildConfigurations = (
				D6D03753237BA4330098EABF /* Debug */,
				D6D03754237BA4330098EABF /* Release */,
			);
			defaultConfigurationIsVisible = 0;
			defaultConfigurationName = Release;
		};
		D6D03755237BA4330098EABF /* Build configuration list for PBXNativeTarget "Random Users" */ = {
			isa = XCConfigurationList;
			buildConfigurations = (
				D6D03756237BA4330098EABF /* Debug */,
				D6D03757237BA4330098EABF /* Release */,
			);
			defaultConfigurationIsVisible = 0;
			defaultConfigurationName = Release;
		};
/* End XCConfigurationList section */
	};
	rootObject = D6D03734237BA4310098EABF /* Project object */;
}
